<?xml version="1.0" encoding="utf-8"?>
<Project ToolsVersion="4.0" xmlns="http://schemas.microsoft.com/developer/msbuild/2003">
  <ItemGroup>
    <Filter Include="Source Files">
      <UniqueIdentifier>{4FC737F1-C7A5-4376-A066-2A32D752A2FF}</UniqueIdentifier>
      <Extensions>cpp;c;cc;cxx;def;odl;idl;hpj;bat;asm;asmx</Extensions>
    </Filter>
    <Filter Include="Header Files">
      <UniqueIdentifier>{93995380-89BD-4b04-88EB-625FBE52EBFB}</UniqueIdentifier>
      <Extensions>h;hpp;hxx;hm;inl;inc;xsd</Extensions>
    </Filter>
  </ItemGroup>
  <ItemGroup>
    <ClCompile Include="DVAPNodeApp.cpp">
      <Filter>Source Files</Filter>
    </ClCompile>
    <ClCompile Include="DVAPNodeCallsignSet.cpp">
      <Filter>Source Files</Filter>
    </ClCompile>
    <ClCompile Include="DVAPNodeConfig.cpp">
      <Filter>Source Files</Filter>
    </ClCompile>
    <ClCompile Include="DVAPNodeDVAPSet.cpp">
      <Filter>Source Files</Filter>
    </ClCompile>
    <ClCompile Include="DVAPNodeFrame.cpp">
      <Filter>Source Files</Filter>
    </ClCompile>
    <ClCompile Include="DVAPNodeLogger.cpp">
      <Filter>Source Files</Filter>
    </ClCompile>
    <ClCompile Include="DVAPNodePreferences.cpp">
      <Filter>Source Files</Filter>
    </ClCompile>
    <ClCompile Include="DVAPNodeRXThread.cpp">
      <Filter>Source Files</Filter>
    </ClCompile>
    <ClCompile Include="DVAPNodeStatusData.cpp">
      <Filter>Source Files</Filter>
    </ClCompile>
    <ClCompile Include="DVAPNodeTimesSet.cpp">
      <Filter>Source Files</Filter>
    </ClCompile>
    <ClCompile Include="DVAPNodeTRXThread.cpp">
      <Filter>Source Files</Filter>
    </ClCompile>
    <ClCompile Include="DVAPNodeTXThread.cpp">
      <Filter>Source Files</Filter>
    </ClCompile>
  </ItemGroup>
  <ItemGroup>
    <ClInclude Include="DVAPNodeApp.h">
      <Filter>Header Files</Filter>
    </ClInclude>
    <ClInclude Include="DVAPNodeCallsignSet.h">
      <Filter>Header Files</Filter>
    </ClInclude>
    <ClInclude Include="DVAPNodeConfig.h">
      <Filter>Header Files</Filter>
    </ClInclude>
    <ClInclude Include="DVAPNodeDefs.h">
      <Filter>Header Files</Filter>
    </ClInclude>
    <ClInclude Include="DVAPNodeDVAPSet.h">
      <Filter>Header Files</Filter>
    </ClInclude>
    <ClInclude Include="DVAPNodeFrame.h">
      <Filter>Header Files</Filter>
    </ClInclude>
    <ClInclude Include="DVAPNodeLogger.h">
      <Filter>Header Files</Filter>
    </ClInclude>
    <ClInclude Include="DVAPNodePreferences.h">
      <Filter>Header Files</Filter>
    </ClInclude>
    <ClInclude Include="DVAPNodeRXThread.h">
      <Filter>Header Files</Filter>
    </ClInclude>
    <ClInclude Include="DVAPNodeStatusData.h">
      <Filter>Header Files</Filter>
    </ClInclude>
    <ClInclude Include="DVAPNodeThread.h">
      <Filter>Header Files</Filter>
    </ClInclude>
    <ClInclude Include="DVAPNodeTimesSet.h">
      <Filter>Header Files</Filter>
    </ClInclude>
    <ClInclude Include="DVAPNodeTRXThread.h">
      <Filter>Header Files</Filter>
    </ClInclude>
    <ClInclude Include="DVAPNodeTXThread.h">
      <Filter>Header Files</Filter>
    </ClInclude>
  </ItemGroup>
</Project>