<?xml version="1.0" encoding="utf-8"?>
<Project ToolsVersion="4.0" xmlns="http://schemas.microsoft.com/developer/msbuild/2003">
  <ItemGroup>
    <Filter Include="Source Files">
      <UniqueIdentifier>{4FC737F1-C7A5-4376-A066-2A32D752A2FF}</UniqueIdentifier>
      <Extensions>cpp;c;cc;cxx;def;odl;idl;hpj;bat;asm;asmx</Extensions>
    </Filter>
    <Filter Include="Header Files">
      <UniqueIdentifier>{93995380-89BD-4b04-88EB-625FBE52EBFB}</UniqueIdentifier>
      <Extensions>h;hpp;hxx;hm;inl;inc;xsd</Extensions>
    </Filter>
  </ItemGroup>
  <ItemGroup>
    <ClCompile Include="AnalogueRepeaterAckSet.cpp">
      <Filter>Source Files</Filter>
    </ClCompile>
    <ClCompile Include="AnalogueRepeaterApp.cpp">
      <Filter>Source Files</Filter>
    </ClCompile>
    <ClCompile Include="AnalogueRepeaterCallsignSet.cpp">
      <Filter>Source Files</Filter>
    </ClCompile>
    <ClCompile Include="AnalogueRepeaterConfig.cpp">
      <Filter>Source Files</Filter>
    </ClCompile>
    <ClCompile Include="AnalogueRepeaterControllerSet.cpp">
      <Filter>Source Files</Filter>
    </ClCompile>
    <ClCompile Include="AnalogueRepeaterDTMF1Set.cpp">
      <Filter>Source Files</Filter>
    </ClCompile>
    <ClCompile Include="AnalogueRepeaterDTMF2Set.cpp">
      <Filter>Source Files</Filter>
    </ClCompile>
    <ClCompile Include="AnalogueRepeaterExternalSet.cpp">
      <Filter>Source Files</Filter>
    </ClCompile>
    <ClCompile Include="AnalogueRepeaterFeelSet.cpp">
      <Filter>Source Files</Filter>
    </ClCompile>
    <ClCompile Include="AnalogueRepeaterFrame.cpp">
      <Filter>Source Files</Filter>
    </ClCompile>
    <ClCompile Include="AnalogueRepeaterLogger.cpp">
      <Filter>Source Files</Filter>
    </ClCompile>
    <ClCompile Include="AnalogueRepeaterPreferences.cpp">
      <Filter>Source Files</Filter>
    </ClCompile>
    <ClCompile Include="AnalogueRepeaterRadioSet.cpp">
      <Filter>Source Files</Filter>
    </ClCompile>
    <ClCompile Include="AnalogueRepeaterStatusData.cpp">
      <Filter>Source Files</Filter>
    </ClCompile>
    <ClCompile Include="AnalogueRepeaterThread.cpp">
      <Filter>Source Files</Filter>
    </ClCompile>
    <ClCompile Include="AnalogueRepeaterTimesSet.cpp">
      <Filter>Source Files</Filter>
    </ClCompile>
    <ClCompile Include="AnalogueRepeaterTonesSet.cpp">
      <Filter>Source Files</Filter>
    </ClCompile>
  </ItemGroup>
  <ItemGroup>
    <ClInclude Include="AnalogueRepeaterAckSet.h">
      <Filter>Header Files</Filter>
    </ClInclude>
    <ClInclude Include="AnalogueRepeaterApp.h">
      <Filter>Header Files</Filter>
    </ClInclude>
    <ClInclude Include="AnalogueRepeaterCallsignSet.h">
      <Filter>Header Files</Filter>
    </ClInclude>
    <ClInclude Include="AnalogueRepeaterConfig.h">
      <Filter>Header Files</Filter>
    </ClInclude>
    <ClInclude Include="AnalogueRepeaterControllerSet.h">
      <Filter>Header Files</Filter>
    </ClInclude>
    <ClInclude Include="AnalogueRepeaterDefs.h">
      <Filter>Header Files</Filter>
    </ClInclude>
    <ClInclude Include="AnalogueRepeaterDTMF1Set.h">
      <Filter>Header Files</Filter>
    </ClInclude>
    <ClInclude Include="AnalogueRepeaterDTMF2Set.h">
      <Filter>Header Files</Filter>
    </ClInclude>
    <ClInclude Include="AnalogueRepeaterExternalSet.h">
      <Filter>Header Files</Filter>
    </ClInclude>
    <ClInclude Include="AnalogueRepeaterFeelSet.h">
      <Filter>Header Files</Filter>
    </ClInclude>
    <ClInclude Include="AnalogueRepeaterFrame.h">
      <Filter>Header Files</Filter>
    </ClInclude>
    <ClInclude Include="AnalogueRepeaterLogger.h">
      <Filter>Header Files</Filter>
    </ClInclude>
    <ClInclude Include="AnalogueRepeaterPreferences.h">
      <Filter>Header Files</Filter>
    </ClInclude>
    <ClInclude Include="AnalogueRepeaterRadioSet.h">
      <Filter>Header Files</Filter>
    </ClInclude>
    <ClInclude Include="AnalogueRepeaterStatusData.h">
      <Filter>Header Files</Filter>
    </ClInclude>
    <ClInclude Include="AnalogueRepeaterThread.h">
      <Filter>Header Files</Filter>
    </ClInclude>
    <ClInclude Include="AnalogueRepeaterTimesSet.h">
      <Filter>Header Files</Filter>
    </ClInclude>
    <ClInclude Include="AnalogueRepeaterTonesSet.h">
      <Filter>Header Files</Filter>
    </ClInclude>
  </ItemGroup>
</Project>