<?xml version="1.0" encoding="utf-8"?>
<Project ToolsVersion="4.0" xmlns="http://schemas.microsoft.com/developer/msbuild/2003">
  <ItemGroup>
    <Filter Include="Source Files">
      <UniqueIdentifier>{4FC737F1-C7A5-4376-A066-2A32D752A2FF}</UniqueIdentifier>
      <Extensions>cpp;c;cc;cxx;def;odl;idl;hpj;bat;asm;asmx</Extensions>
    </Filter>
    <Filter Include="Header Files">
      <UniqueIdentifier>{93995380-89BD-4b04-88EB-625FBE52EBFB}</UniqueIdentifier>
      <Extensions>h;hpp;hxx;hm;inl;inc;xsd</Extensions>
    </Filter>
  </ItemGroup>
  <ItemGroup>
    <ClCompile Include="DExtraGatewayAMBEData.cpp">
      <Filter>Source Files</Filter>
    </ClCompile>
    <ClCompile Include="DExtraGatewayApp.cpp">
      <Filter>Source Files</Filter>
    </ClCompile>
    <ClCompile Include="DExtraGatewayAudioUnit.cpp">
      <Filter>Source Files</Filter>
    </ClCompile>
    <ClCompile Include="DExtraGatewayConfig.cpp">
      <Filter>Source Files</Filter>
    </ClCompile>
    <ClCompile Include="DExtraGatewayDExtraProtocolHandler.cpp">
      <Filter>Source Files</Filter>
    </ClCompile>
    <ClCompile Include="DExtraGatewayEchoUnit.cpp">
      <Filter>Source Files</Filter>
    </ClCompile>
    <ClCompile Include="DExtraGatewayFrame.cpp">
      <Filter>Source Files</Filter>
    </ClCompile>
    <ClCompile Include="DExtraGatewayHeaderData.cpp">
      <Filter>Source Files</Filter>
    </ClCompile>
    <ClCompile Include="DExtraGatewayHostFile.cpp">
      <Filter>Source Files</Filter>
    </ClCompile>
    <ClCompile Include="DExtraGatewayPreferences.cpp">
      <Filter>Source Files</Filter>
    </ClCompile>
    <ClCompile Include="DExtraGatewayReflectorSet.cpp">
      <Filter>Source Files</Filter>
    </ClCompile>
    <ClCompile Include="DExtraGatewayRepeaterProtocolHandler.cpp">
      <Filter>Source Files</Filter>
    </ClCompile>
    <ClCompile Include="DExtraGatewayRepeaterSet.cpp">
      <Filter>Source Files</Filter>
    </ClCompile>
    <ClCompile Include="DExtraGatewayStatusData.cpp">
      <Filter>Source Files</Filter>
    </ClCompile>
    <ClCompile Include="DExtraGatewayThread.cpp">
      <Filter>Source Files</Filter>
    </ClCompile>
  </ItemGroup>
  <ItemGroup>
    <ClInclude Include="DExtraGatewayAMBEData.h">
      <Filter>Header Files</Filter>
    </ClInclude>
    <ClInclude Include="DExtraGatewayApp.h">
      <Filter>Header Files</Filter>
    </ClInclude>
    <ClInclude Include="DExtraGatewayAudioUnit.h">
      <Filter>Header Files</Filter>
    </ClInclude>
    <ClInclude Include="DExtraGatewayCallback.h">
      <Filter>Header Files</Filter>
    </ClInclude>
    <ClInclude Include="DExtraGatewayConfig.h">
      <Filter>Header Files</Filter>
    </ClInclude>
    <ClInclude Include="DExtraGatewayDefs.h">
      <Filter>Header Files</Filter>
    </ClInclude>
    <ClInclude Include="DExtraGatewayDExtraProtocolHandler.h">
      <Filter>Header Files</Filter>
    </ClInclude>
    <ClInclude Include="DExtraGatewayEchoUnit.h">
      <Filter>Header Files</Filter>
    </ClInclude>
    <ClInclude Include="DExtraGatewayFrame.h">
      <Filter>Header Files</Filter>
    </ClInclude>
    <ClInclude Include="DExtraGatewayHeaderData.h">
      <Filter>Header Files</Filter>
    </ClInclude>
    <ClInclude Include="DExtraGatewayHostFile.h">
      <Filter>Header Files</Filter>
    </ClInclude>
    <ClInclude Include="DExtraGatewayPreferences.h">
      <Filter>Header Files</Filter>
    </ClInclude>
    <ClInclude Include="DExtraGatewayReflectorSet.h">
      <Filter>Header Files</Filter>
    </ClInclude>
    <ClInclude Include="DExtraGatewayRepeaterProtocolHandler.h">
      <Filter>Header Files</Filter>
    </ClInclude>
    <ClInclude Include="DExtraGatewayRepeaterSet.h">
      <Filter>Header Files</Filter>
    </ClInclude>
    <ClInclude Include="DExtraGatewayStatusData.h">
      <Filter>Header Files</Filter>
    </ClInclude>
    <ClInclude Include="DExtraGatewayThread.h">
      <Filter>Header Files</Filter>
    </ClInclude>
  </ItemGroup>
</Project>