<?xml version="1.0" encoding="utf-8"?>
<Project ToolsVersion="4.0" xmlns="http://schemas.microsoft.com/developer/msbuild/2003">
  <ItemGroup>
    <Filter Include="Source Files">
      <UniqueIdentifier>{4FC737F1-C7A5-4376-A066-2A32D752A2FF}</UniqueIdentifier>
      <Extensions>cpp;c;cc;cxx;def;odl;idl;hpj;bat;asm;asmx</Extensions>
    </Filter>
    <Filter Include="Header Files">
      <UniqueIdentifier>{93995380-89BD-4b04-88EB-625FBE52EBFB}</UniqueIdentifier>
      <Extensions>h;hpp;hxx;hm;inl;inc;xsd</Extensions>
    </Filter>
  </ItemGroup>
  <ItemGroup>
    <ClCompile Include="DVRPTRRepeaterApp.cpp">
      <Filter>Source Files</Filter>
    </ClCompile>
    <ClCompile Include="DVRPTRRepeaterCallsignSet.cpp">
      <Filter>Source Files</Filter>
    </ClCompile>
    <ClCompile Include="DVRPTRRepeaterConfig.cpp">
      <Filter>Source Files</Filter>
    </ClCompile>
    <ClCompile Include="DVRPTRRepeaterControllerSet.cpp">
      <Filter>Source Files</Filter>
    </ClCompile>
    <ClCompile Include="DVRPTRRepeaterFrame.cpp">
      <Filter>Source Files</Filter>
    </ClCompile>
    <ClCompile Include="DVRPTRRepeaterLogger.cpp">
      <Filter>Source Files</Filter>
    </ClCompile>
    <ClCompile Include="DVRPTRRepeaterModemSet.cpp">
      <Filter>Source Files</Filter>
    </ClCompile>
    <ClCompile Include="DVRPTRRepeaterPreferences.cpp">
      <Filter>Source Files</Filter>
    </ClCompile>
    <ClCompile Include="DVRPTRRepeaterRXThread.cpp">
      <Filter>Source Files</Filter>
    </ClCompile>
    <ClCompile Include="DVRPTRRepeaterStatusData.cpp">
      <Filter>Source Files</Filter>
    </ClCompile>
    <ClCompile Include="DVRPTRRepeaterTimesSet.cpp">
      <Filter>Source Files</Filter>
    </ClCompile>
    <ClCompile Include="DVRPTRRepeaterTRXThread.cpp">
      <Filter>Source Files</Filter>
    </ClCompile>
    <ClCompile Include="DVRPTRRepeaterTXRXThread.cpp">
      <Filter>Source Files</Filter>
    </ClCompile>
    <ClCompile Include="DVRPTRRepeaterTXThread.cpp">
      <Filter>Source Files</Filter>
    </ClCompile>
  </ItemGroup>
  <ItemGroup>
    <ClInclude Include="DVRPTRRepeaterApp.h">
      <Filter>Header Files</Filter>
    </ClInclude>
    <ClInclude Include="DVRPTRRepeaterCallsignSet.h">
      <Filter>Header Files</Filter>
    </ClInclude>
    <ClInclude Include="DVRPTRRepeaterConfig.h">
      <Filter>Header Files</Filter>
    </ClInclude>
    <ClInclude Include="DVRPTRRepeaterControllerSet.h">
      <Filter>Header Files</Filter>
    </ClInclude>
    <ClInclude Include="DVRPTRRepeaterDefs.h">
      <Filter>Header Files</Filter>
    </ClInclude>
    <ClInclude Include="DVRPTRRepeaterFrame.h">
      <Filter>Header Files</Filter>
    </ClInclude>
    <ClInclude Include="DVRPTRRepeaterLogger.h">
      <Filter>Header Files</Filter>
    </ClInclude>
    <ClInclude Include="DVRPTRRepeaterModemSet.h">
      <Filter>Header Files</Filter>
    </ClInclude>
    <ClInclude Include="DVRPTRRepeaterPreferences.h">
      <Filter>Header Files</Filter>
    </ClInclude>
    <ClInclude Include="DVRPTRRepeaterRXThread.h">
      <Filter>Header Files</Filter>
    </ClInclude>
    <ClInclude Include="DVRPTRRepeaterStatusData.h">
      <Filter>Header Files</Filter>
    </ClInclude>
    <ClInclude Include="DVRPTRRepeaterThread.h">
      <Filter>Header Files</Filter>
    </ClInclude>
    <ClInclude Include="DVRPTRRepeaterTimesSet.h">
      <Filter>Header Files</Filter>
    </ClInclude>
    <ClInclude Include="DVRPTRRepeaterTRXThread.h">
      <Filter>Header Files</Filter>
    </ClInclude>
    <ClInclude Include="DVRPTRRepeaterTXRXThread.h">
      <Filter>Header Files</Filter>
    </ClInclude>
    <ClInclude Include="DVRPTRRepeaterTXThread.h">
      <Filter>Header Files</Filter>
    </ClInclude>
  </ItemGroup>
</Project>