<?xml version="1.0" encoding="utf-8"?>
<Project ToolsVersion="4.0" xmlns="http://schemas.microsoft.com/developer/msbuild/2003">
  <ItemGroup>
    <Filter Include="Source Files">
      <UniqueIdentifier>{4FC737F1-C7A5-4376-A066-2A32D752A2FF}</UniqueIdentifier>
      <Extensions>cpp;c;cc;cxx;def;odl;idl;hpj;bat;asm;asmx</Extensions>
    </Filter>
    <Filter Include="Header Files">
      <UniqueIdentifier>{93995380-89BD-4b04-88EB-625FBE52EBFB}</UniqueIdentifier>
      <Extensions>h;hpp;hxx;hm;inl;inc;xsd</Extensions>
    </Filter>
    <Filter Include="Resource Files">
      <UniqueIdentifier>{67DA6AB6-F800-4c08-8B7A-83BB121AAD01}</UniqueIdentifier>
      <Extensions>rc;ico;cur;bmp;dlg;rc2;rct;bin;rgs;gif;jpg;jpeg;jpe;resx;tiff;tif;png;wav</Extensions>
    </Filter>
  </ItemGroup>
  <ItemGroup>
    <ClCompile Include="DExtraClientApp.cpp">
      <Filter>Source Files</Filter>
    </ClCompile>
    <ClCompile Include="DExtraClientCallsignSet.cpp">
      <Filter>Source Files</Filter>
    </ClCompile>
    <ClCompile Include="DExtraClientControllerSet.cpp">
      <Filter>Source Files</Filter>
    </ClCompile>
    <ClCompile Include="DExtraClientFrame.cpp">
      <Filter>Source Files</Filter>
    </ClCompile>
    <ClCompile Include="DExtraClientHostFile.cpp">
      <Filter>Source Files</Filter>
    </ClCompile>
    <ClCompile Include="DExtraClientPanel.cpp">
      <Filter>Source Files</Filter>
    </ClCompile>
    <ClCompile Include="DExtraClientPreferences.cpp">
      <Filter>Source Files</Filter>
    </ClCompile>
    <ClCompile Include="DExtraClientReflectorSet.cpp">
      <Filter>Source Files</Filter>
    </ClCompile>
    <ClCompile Include="DExtraClientThread.cpp">
      <Filter>Source Files</Filter>
    </ClCompile>
  </ItemGroup>
  <ItemGroup>
    <ClInclude Include="DExtraClientApp.h">
      <Filter>Header Files</Filter>
    </ClInclude>
    <ClInclude Include="DExtraClientCallsignSet.h">
      <Filter>Header Files</Filter>
    </ClInclude>
    <ClInclude Include="DExtraClientControllerSet.h">
      <Filter>Header Files</Filter>
    </ClInclude>
    <ClInclude Include="DExtraClientDefs.h">
      <Filter>Header Files</Filter>
    </ClInclude>
    <ClInclude Include="DExtraClientFrame.h">
      <Filter>Header Files</Filter>
    </ClInclude>
    <ClInclude Include="DExtraClientHostFile.h">
      <Filter>Header Files</Filter>
    </ClInclude>
    <ClInclude Include="DExtraClientPanel.h">
      <Filter>Header Files</Filter>
    </ClInclude>
    <ClInclude Include="DExtraClientPreferences.h">
      <Filter>Header Files</Filter>
    </ClInclude>
    <ClInclude Include="DExtraClientReflectorSet.h">
      <Filter>Header Files</Filter>
    </ClInclude>
    <ClInclude Include="DExtraClientThread.h">
      <Filter>Header Files</Filter>
    </ClInclude>
  </ItemGroup>
  <ItemGroup>
    <None Include="DExtraClient.ico">
      <Filter>Resource Files</Filter>
    </None>
  </ItemGroup>
  <ItemGroup>
    <ResourceCompile Include="DExtraClient.rc">
      <Filter>Resource Files</Filter>
    </ResourceCompile>
  </ItemGroup>
</Project>