<?xml version="1.0" encoding="utf-8"?>
<Project ToolsVersion="4.0" xmlns="http://schemas.microsoft.com/developer/msbuild/2003">
  <ItemGroup>
    <Filter Include="Source Files">
      <UniqueIdentifier>{4FC737F1-C7A5-4376-A066-2A32D752A2FF}</UniqueIdentifier>
      <Extensions>cpp;c;cc;cxx;def;odl;idl;hpj;bat;asm;asmx</Extensions>
    </Filter>
    <Filter Include="Header Files">
      <UniqueIdentifier>{93995380-89BD-4b04-88EB-625FBE52EBFB}</UniqueIdentifier>
      <Extensions>h;hpp;hxx;hm;inl;inc;xsd</Extensions>
    </Filter>
  </ItemGroup>
  <ItemGroup>
    <ClCompile Include="ParrotControllerApp.cpp">
      <Filter>Source Files</Filter>
    </ClCompile>
    <ClCompile Include="ParrotControllerBeaconSet.cpp">
      <Filter>Source Files</Filter>
    </ClCompile>
    <ClCompile Include="ParrotControllerConfig.cpp">
      <Filter>Source Files</Filter>
    </ClCompile>
    <ClCompile Include="ParrotControllerFrame.cpp">
      <Filter>Source Files</Filter>
    </ClCompile>
    <ClCompile Include="ParrotControllerModeSet.cpp">
      <Filter>Source Files</Filter>
    </ClCompile>
    <ClCompile Include="ParrotControllerNetworkSet.cpp">
      <Filter>Source Files</Filter>
    </ClCompile>
    <ClCompile Include="ParrotControllerParrotSet.cpp">
      <Filter>Source Files</Filter>
    </ClCompile>
    <ClCompile Include="ParrotControllerPreferences.cpp">
      <Filter>Source Files</Filter>
    </ClCompile>
    <ClCompile Include="ParrotControllerProtocolHandler.cpp">
      <Filter>Source Files</Filter>
    </ClCompile>
    <ClCompile Include="ParrotControllerStatusData.cpp">
      <Filter>Source Files</Filter>
    </ClCompile>
    <ClCompile Include="ParrotControllerThread.cpp">
      <Filter>Source Files</Filter>
    </ClCompile>
  </ItemGroup>
  <ItemGroup>
    <ClInclude Include="ParrotControllerApp.h">
      <Filter>Header Files</Filter>
    </ClInclude>
    <ClInclude Include="ParrotControllerBeaconSet.h">
      <Filter>Header Files</Filter>
    </ClInclude>
    <ClInclude Include="ParrotControllerConfig.h">
      <Filter>Header Files</Filter>
    </ClInclude>
    <ClInclude Include="ParrotControllerDefs.h">
      <Filter>Header Files</Filter>
    </ClInclude>
    <ClInclude Include="ParrotControllerFrame.h">
      <Filter>Header Files</Filter>
    </ClInclude>
    <ClInclude Include="ParrotControllerModeSet.h">
      <Filter>Header Files</Filter>
    </ClInclude>
    <ClInclude Include="ParrotControllerNetworkSet.h">
      <Filter>Header Files</Filter>
    </ClInclude>
    <ClInclude Include="ParrotControllerParrotSet.h">
      <Filter>Header Files</Filter>
    </ClInclude>
    <ClInclude Include="ParrotControllerPreferences.h">
      <Filter>Header Files</Filter>
    </ClInclude>
    <ClInclude Include="ParrotControllerProtocolHandler.h">
      <Filter>Header Files</Filter>
    </ClInclude>
    <ClInclude Include="ParrotControllerStatusData.h">
      <Filter>Header Files</Filter>
    </ClInclude>
    <ClInclude Include="ParrotControllerThread.h">
      <Filter>Header Files</Filter>
    </ClInclude>
  </ItemGroup>
</Project>