<?xml version="1.0" encoding="utf-8"?>
<Project ToolsVersion="4.0" xmlns="http://schemas.microsoft.com/developer/msbuild/2003">
  <ItemGroup>
    <Filter Include="Source Files">
      <UniqueIdentifier>{4FC737F1-C7A5-4376-A066-2A32D752A2FF}</UniqueIdentifier>
      <Extensions>cpp;c;cc;cxx;def;odl;idl;hpj;bat;asm;asmx</Extensions>
    </Filter>
    <Filter Include="Header Files">
      <UniqueIdentifier>{93995380-89BD-4b04-88EB-625FBE52EBFB}</UniqueIdentifier>
      <Extensions>h;hpp;hxx;hm;inl;inc;xsd</Extensions>
    </Filter>
  </ItemGroup>
  <ItemGroup>
    <ClCompile Include="XReflectorApp.cpp">
      <Filter>Source Files</Filter>
    </ClCompile>
    <ClCompile Include="XReflectorConfig.cpp">
      <Filter>Source Files</Filter>
    </ClCompile>
    <ClCompile Include="XReflectorDExtraHandler.cpp">
      <Filter>Source Files</Filter>
    </ClCompile>
    <ClCompile Include="XReflectorDPlusHandler.cpp">
      <Filter>Source Files</Filter>
    </ClCompile>
    <ClCompile Include="XReflectorDPlusSet.cpp">
      <Filter>Source Files</Filter>
    </ClCompile>
    <ClCompile Include="XReflectorFrame.cpp">
      <Filter>Source Files</Filter>
    </ClCompile>
    <ClCompile Include="XReflectorLogRedirect.cpp">
      <Filter>Source Files</Filter>
    </ClCompile>
    <ClCompile Include="XReflectorMiscellaneousSet.cpp">
      <Filter>Source Files</Filter>
    </ClCompile>
    <ClCompile Include="XReflectorPreferences.cpp">
      <Filter>Source Files</Filter>
    </ClCompile>
    <ClCompile Include="XReflectorReflectorHandler.cpp">
      <Filter>Source Files</Filter>
    </ClCompile>
    <ClCompile Include="XReflectorReflectorSet.cpp">
      <Filter>Source Files</Filter>
    </ClCompile>
    <ClCompile Include="XReflectorThread.cpp">
      <Filter>Source Files</Filter>
    </ClCompile>
    <ClCompile Include="XReflectorUserLog.cpp">
      <Filter>Source Files</Filter>
    </ClCompile>
  </ItemGroup>
  <ItemGroup>
    <ClInclude Include="XReflectorApp.h">
      <Filter>Header Files</Filter>
    </ClInclude>
    <ClInclude Include="XReflectorConfig.h">
      <Filter>Header Files</Filter>
    </ClInclude>
    <ClInclude Include="XReflectorDefs.h">
      <Filter>Header Files</Filter>
    </ClInclude>
    <ClInclude Include="XReflectorDExtraHandler.h">
      <Filter>Header Files</Filter>
    </ClInclude>
    <ClInclude Include="XReflectorDPlusHandler.h">
      <Filter>Header Files</Filter>
    </ClInclude>
    <ClInclude Include="XReflectorDPlusSet.h">
      <Filter>Header Files</Filter>
    </ClInclude>
    <ClInclude Include="XReflectorFrame.h">
      <Filter>Header Files</Filter>
    </ClInclude>
    <ClInclude Include="XReflectorLogRedirect.h">
      <Filter>Header Files</Filter>
    </ClInclude>
    <ClInclude Include="XReflectorMiscellaneousSet.h">
      <Filter>Header Files</Filter>
    </ClInclude>
    <ClInclude Include="XReflectorPreferences.h">
      <Filter>Header Files</Filter>
    </ClInclude>
    <ClInclude Include="XReflectorReflectorCallback.h">
      <Filter>Header Files</Filter>
    </ClInclude>
    <ClInclude Include="XReflectorReflectorHandler.h">
      <Filter>Header Files</Filter>
    </ClInclude>
    <ClInclude Include="XReflectorReflectorSet.h">
      <Filter>Header Files</Filter>
    </ClInclude>
    <ClInclude Include="XReflectorThread.h">
      <Filter>Header Files</Filter>
    </ClInclude>
    <ClInclude Include="XReflectorUserLog.h">
      <Filter>Header Files</Filter>
    </ClInclude>
  </ItemGroup>
</Project>