<?xml version="1.0" encoding="utf-8"?>
<Project ToolsVersion="4.0" xmlns="http://schemas.microsoft.com/developer/msbuild/2003">
  <ItemGroup>
    <Filter Include="Source Files">
      <UniqueIdentifier>{4FC737F1-C7A5-4376-A066-2A32D752A2FF}</UniqueIdentifier>
      <Extensions>cpp;c;cc;cxx;def;odl;idl;hpj;bat;asm;asmx</Extensions>
    </Filter>
    <Filter Include="Header Files">
      <UniqueIdentifier>{93995380-89BD-4b04-88EB-625FBE52EBFB}</UniqueIdentifier>
      <Extensions>h;hpp;hxx;hm;inl;inc;xsd</Extensions>
    </Filter>
  </ItemGroup>
  <ItemGroup>
    <ClCompile Include="DCSGatewayAMBEData.cpp">
      <Filter>Source Files</Filter>
    </ClCompile>
    <ClCompile Include="DCSGatewayApp.cpp">
      <Filter>Source Files</Filter>
    </ClCompile>
    <ClCompile Include="DCSGatewayAudioUnit.cpp">
      <Filter>Source Files</Filter>
    </ClCompile>
    <ClCompile Include="DCSGatewayConfig.cpp">
      <Filter>Source Files</Filter>
    </ClCompile>
    <ClCompile Include="DCSGatewayDCSProtocolHandler.cpp">
      <Filter>Source Files</Filter>
    </ClCompile>
    <ClCompile Include="DCSGatewayEchoUnit.cpp">
      <Filter>Source Files</Filter>
    </ClCompile>
    <ClCompile Include="DCSGatewayFrame.cpp">
      <Filter>Source Files</Filter>
    </ClCompile>
    <ClCompile Include="DCSGatewayHeaderData.cpp">
      <Filter>Source Files</Filter>
    </ClCompile>
    <ClCompile Include="DCSGatewayHostFile.cpp">
      <Filter>Source Files</Filter>
    </ClCompile>
    <ClCompile Include="DCSGatewayPreferences.cpp">
      <Filter>Source Files</Filter>
    </ClCompile>
    <ClCompile Include="DCSGatewayReflectorSet.cpp">
      <Filter>Source Files</Filter>
    </ClCompile>
    <ClCompile Include="DCSGatewayRepeaterProtocolHandler.cpp">
      <Filter>Source Files</Filter>
    </ClCompile>
    <ClCompile Include="DCSGatewayRepeaterSet.cpp">
      <Filter>Source Files</Filter>
    </ClCompile>
    <ClCompile Include="DCSGatewayStatusData.cpp">
      <Filter>Source Files</Filter>
    </ClCompile>
    <ClCompile Include="DCSGatewayThread.cpp">
      <Filter>Source Files</Filter>
    </ClCompile>
    <ClCompile Include="DCSGatewayTextCollector.cpp">
      <Filter>Source Files</Filter>
    </ClCompile>
  </ItemGroup>
  <ItemGroup>
    <ClInclude Include="DCSGatewayAMBEData.h">
      <Filter>Header Files</Filter>
    </ClInclude>
    <ClInclude Include="DCSGatewayApp.h">
      <Filter>Header Files</Filter>
    </ClInclude>
    <ClInclude Include="DCSGatewayAudioUnit.h">
      <Filter>Header Files</Filter>
    </ClInclude>
    <ClInclude Include="DCSGatewayCallback.h">
      <Filter>Header Files</Filter>
    </ClInclude>
    <ClInclude Include="DCSGatewayConfig.h">
      <Filter>Header Files</Filter>
    </ClInclude>
    <ClInclude Include="DCSGatewayDCSProtocolHandler.h">
      <Filter>Header Files</Filter>
    </ClInclude>
    <ClInclude Include="DCSGatewayDefs.h">
      <Filter>Header Files</Filter>
    </ClInclude>
    <ClInclude Include="DCSGatewayEchoUnit.h">
      <Filter>Header Files</Filter>
    </ClInclude>
    <ClInclude Include="DCSGatewayFrame.h">
      <Filter>Header Files</Filter>
    </ClInclude>
    <ClInclude Include="DCSGatewayHeaderData.h">
      <Filter>Header Files</Filter>
    </ClInclude>
    <ClInclude Include="DCSGatewayHostFile.h">
      <Filter>Header Files</Filter>
    </ClInclude>
    <ClInclude Include="DCSGatewayPreferences.h">
      <Filter>Header Files</Filter>
    </ClInclude>
    <ClInclude Include="DCSGatewayReflectorSet.h">
      <Filter>Header Files</Filter>
    </ClInclude>
    <ClInclude Include="DCSGatewayRepeaterProtocolHandler.h">
      <Filter>Header Files</Filter>
    </ClInclude>
    <ClInclude Include="DCSGatewayRepeaterSet.h">
      <Filter>Header Files</Filter>
    </ClInclude>
    <ClInclude Include="DCSGatewayStatusData.h">
      <Filter>Header Files</Filter>
    </ClInclude>
    <ClInclude Include="DCSGatewayThread.h">
      <Filter>Header Files</Filter>
    </ClInclude>
    <ClInclude Include="DCSGatewayTextCollector.h">
      <Filter>Header Files</Filter>
    </ClInclude>
  </ItemGroup>
</Project>