<?xml version="1.0" encoding="utf-8"?>
<Project ToolsVersion="4.0" xmlns="http://schemas.microsoft.com/developer/msbuild/2003">
  <ItemGroup>
    <ClCompile Include="SoundCardClientApp.cpp">
      <Filter>Source Files</Filter>
    </ClCompile>
    <ClCompile Include="SoundCardClientCallsignSet.cpp">
      <Filter>Source Files</Filter>
    </ClCompile>
    <ClCompile Include="SoundCardClientControllerSet.cpp">
      <Filter>Source Files</Filter>
    </ClCompile>
    <ClCompile Include="SoundCardClientFrame.cpp">
      <Filter>Source Files</Filter>
    </ClCompile>
    <ClCompile Include="SoundCardClientPreferences.cpp">
      <Filter>Source Files</Filter>
    </ClCompile>
    <ClCompile Include="SoundCardClientThread.cpp">
      <Filter>Source Files</Filter>
    </ClCompile>
  </ItemGroup>
  <ItemGroup>
    <ClInclude Include="SoundCardClientApp.h">
      <Filter>Header Files</Filter>
    </ClInclude>
    <ClInclude Include="SoundCardClientCallsignSet.h">
      <Filter>Header Files</Filter>
    </ClInclude>
    <ClInclude Include="SoundCardClientControllerSet.h">
      <Filter>Header Files</Filter>
    </ClInclude>
    <ClInclude Include="SoundCardClientDefs.h">
      <Filter>Header Files</Filter>
    </ClInclude>
    <ClInclude Include="SoundCardClientFrame.h">
      <Filter>Header Files</Filter>
    </ClInclude>
    <ClInclude Include="SoundCardClientPreferences.h">
      <Filter>Header Files</Filter>
    </ClInclude>
    <ClInclude Include="SoundCardClientThread.h">
      <Filter>Header Files</Filter>
    </ClInclude>
  </ItemGroup>
  <ItemGroup>
    <Filter Include="Header Files">
      <UniqueIdentifier>{e0d895ea-5a8e-4f0a-8414-1f7058739cf3}</UniqueIdentifier>
      <Extensions>h;hpp;hxx;hm;inl;inc;xsd</Extensions>
    </Filter>
    <Filter Include="Resource Files">
      <UniqueIdentifier>{7b3829c0-9802-409c-a83f-5a4fe5b9e2ef}</UniqueIdentifier>
      <Extensions>rc;ico;cur;bmp;dlg;rc2;rct;bin;rgs;gif;jpg;jpeg;jpe;resx;tiff;tif;png;wav</Extensions>
    </Filter>
    <Filter Include="Source Files">
      <UniqueIdentifier>{161a7bb4-7fb3-4c66-a621-63578a228b05}</UniqueIdentifier>
      <Extensions>cpp;c;cc;cxx;def;odl;idl;hpj;bat;asm;asmx</Extensions>
    </Filter>
  </ItemGroup>
  <ItemGroup>
    <None Include="SoundCardClient.ico">
      <Filter>Resource Files</Filter>
    </None>
  </ItemGroup>
  <ItemGroup>
    <ResourceCompile Include="SoundCardClient.rc">
      <Filter>Resource Files</Filter>
    </ResourceCompile>
  </ItemGroup>
</Project>