<?xml version="1.0" encoding="utf-8"?>
<Project ToolsVersion="4.0" xmlns="http://schemas.microsoft.com/developer/msbuild/2003">
  <ItemGroup>
    <Filter Include="Source Files">
      <UniqueIdentifier>{4FC737F1-C7A5-4376-A066-2A32D752A2FF}</UniqueIdentifier>
      <Extensions>cpp;c;cc;cxx;def;odl;idl;hpj;bat;asm;asmx</Extensions>
    </Filter>
    <Filter Include="Header Files">
      <UniqueIdentifier>{93995380-89BD-4b04-88EB-625FBE52EBFB}</UniqueIdentifier>
      <Extensions>h;hpp;hxx;hm;inl;inc;xsd</Extensions>
    </Filter>
  </ItemGroup>
  <ItemGroup>
    <ClCompile Include="SoundCardRepeaterApp.cpp">
      <Filter>Source Files</Filter>
    </ClCompile>
    <ClCompile Include="SoundCardRepeaterCallsignSet.cpp">
      <Filter>Source Files</Filter>
    </ClCompile>
    <ClCompile Include="SoundCardRepeaterConfig.cpp">
      <Filter>Source Files</Filter>
    </ClCompile>
    <ClCompile Include="SoundCardRepeaterControllerSet.cpp">
      <Filter>Source Files</Filter>
    </ClCompile>
    <ClCompile Include="SoundCardRepeaterFrame.cpp">
      <Filter>Source Files</Filter>
    </ClCompile>
    <ClCompile Include="SoundCardRepeaterLogger.cpp">
      <Filter>Source Files</Filter>
    </ClCompile>
    <ClCompile Include="SoundCardRepeaterPreferences.cpp">
      <Filter>Source Files</Filter>
    </ClCompile>
    <ClCompile Include="SoundCardRepeaterRadioSet.cpp">
      <Filter>Source Files</Filter>
    </ClCompile>
    <ClCompile Include="SoundCardRepeaterRXThread.cpp">
      <Filter>Source Files</Filter>
    </ClCompile>
    <ClCompile Include="SoundCardRepeaterStatusData.cpp">
      <Filter>Source Files</Filter>
    </ClCompile>
    <ClCompile Include="SoundCardRepeaterTimesSet.cpp">
      <Filter>Source Files</Filter>
    </ClCompile>
    <ClCompile Include="SoundCardRepeaterTRXThread.cpp">
      <Filter>Source Files</Filter>
    </ClCompile>
    <ClCompile Include="SoundCardRepeaterTXRXThread.cpp">
      <Filter>Source Files</Filter>
    </ClCompile>
    <ClCompile Include="SoundCardRepeaterTXThread.cpp">
      <Filter>Source Files</Filter>
    </ClCompile>
  </ItemGroup>
  <ItemGroup>
    <ClInclude Include="SoundCardRepeaterApp.h">
      <Filter>Header Files</Filter>
    </ClInclude>
    <ClInclude Include="SoundCardRepeaterCallsignSet.h">
      <Filter>Header Files</Filter>
    </ClInclude>
    <ClInclude Include="SoundCardRepeaterConfig.h">
      <Filter>Header Files</Filter>
    </ClInclude>
    <ClInclude Include="SoundCardRepeaterControllerSet.h">
      <Filter>Header Files</Filter>
    </ClInclude>
    <ClInclude Include="SoundCardRepeaterDefs.h">
      <Filter>Header Files</Filter>
    </ClInclude>
    <ClInclude Include="SoundCardRepeaterFrame.h">
      <Filter>Header Files</Filter>
    </ClInclude>
    <ClInclude Include="SoundCardRepeaterLogger.h">
      <Filter>Header Files</Filter>
    </ClInclude>
    <ClInclude Include="SoundCardRepeaterPreferences.h">
      <Filter>Header Files</Filter>
    </ClInclude>
    <ClInclude Include="SoundCardRepeaterRadioSet.h">
      <Filter>Header Files</Filter>
    </ClInclude>
    <ClInclude Include="SoundCardRepeaterRXThread.h">
      <Filter>Header Files</Filter>
    </ClInclude>
    <ClInclude Include="SoundCardRepeaterStatusData.h">
      <Filter>Header Files</Filter>
    </ClInclude>
    <ClInclude Include="SoundCardRepeaterThread.h">
      <Filter>Header Files</Filter>
    </ClInclude>
    <ClInclude Include="SoundCardRepeaterTimesSet.h">
      <Filter>Header Files</Filter>
    </ClInclude>
    <ClInclude Include="SoundCardRepeaterTRXThread.h">
      <Filter>Header Files</Filter>
    </ClInclude>
    <ClInclude Include="SoundCardRepeaterTXRXThread.h">
      <Filter>Header Files</Filter>
    </ClInclude>
    <ClInclude Include="SoundCardRepeaterTXThread.h">
      <Filter>Header Files</Filter>
    </ClInclude>
  </ItemGroup>
</Project>