<?xml version="1.0" encoding="utf-8"?>
<Project ToolsVersion="4.0" xmlns="http://schemas.microsoft.com/developer/msbuild/2003">
  <ItemGroup>
    <Filter Include="Source Files">
      <UniqueIdentifier>{4FC737F1-C7A5-4376-A066-2A32D752A2FF}</UniqueIdentifier>
      <Extensions>cpp;c;cc;cxx;def;odl;idl;hpj;bat;asm;asmx</Extensions>
    </Filter>
    <Filter Include="Header Files">
      <UniqueIdentifier>{93995380-89BD-4b04-88EB-625FBE52EBFB}</UniqueIdentifier>
      <Extensions>h;hpp;hxx;hm;inl;inc;xsd</Extensions>
    </Filter>
  </ItemGroup>
  <ItemGroup>
    <ClCompile Include="SplitRepeaterAddressSet.cpp">
      <Filter>Source Files</Filter>
    </ClCompile>
    <ClCompile Include="SplitRepeaterAMBEData.cpp">
      <Filter>Source Files</Filter>
    </ClCompile>
    <ClCompile Include="SplitRepeaterApp.cpp">
      <Filter>Source Files</Filter>
    </ClCompile>
    <ClCompile Include="SplitRepeaterCallsignSet.cpp">
      <Filter>Source Files</Filter>
    </ClCompile>
    <ClCompile Include="SplitRepeaterConfig.cpp">
      <Filter>Source Files</Filter>
    </ClCompile>
    <ClCompile Include="SplitRepeaterControl1Set.cpp">
      <Filter>Source Files</Filter>
    </ClCompile>
    <ClCompile Include="SplitRepeaterControl2Set.cpp">
      <Filter>Source Files</Filter>
    </ClCompile>
    <ClCompile Include="SplitRepeaterFrame.cpp">
      <Filter>Source Files</Filter>
    </ClCompile>
    <ClCompile Include="SplitRepeaterHeaderData.cpp">
      <Filter>Source Files</Filter>
    </ClCompile>
    <ClCompile Include="SplitRepeaterLogger.cpp">
      <Filter>Source Files</Filter>
    </ClCompile>
    <ClCompile Include="SplitRepeaterPreferences.cpp">
      <Filter>Source Files</Filter>
    </ClCompile>
    <ClCompile Include="SplitRepeaterProtocolHandler.cpp">
      <Filter>Source Files</Filter>
    </ClCompile>
    <ClCompile Include="SplitRepeaterStatusData.cpp">
      <Filter>Source Files</Filter>
    </ClCompile>
    <ClCompile Include="SplitRepeaterThread.cpp">
      <Filter>Source Files</Filter>
    </ClCompile>
    <ClCompile Include="SplitRepeaterTimesSet.cpp">
      <Filter>Source Files</Filter>
    </ClCompile>
    <ClCompile Include="SplitRepeaterUDPReaderWriter.cpp">
      <Filter>Source Files</Filter>
    </ClCompile>
  </ItemGroup>
  <ItemGroup>
    <ClInclude Include="SplitRepeaterAddressSet.h">
      <Filter>Header Files</Filter>
    </ClInclude>
    <ClInclude Include="SplitRepeaterAMBEData.h">
      <Filter>Header Files</Filter>
    </ClInclude>
    <ClInclude Include="SplitRepeaterApp.h">
      <Filter>Header Files</Filter>
    </ClInclude>
    <ClInclude Include="SplitRepeaterCallsignSet.h">
      <Filter>Header Files</Filter>
    </ClInclude>
    <ClInclude Include="SplitRepeaterConfig.h">
      <Filter>Header Files</Filter>
    </ClInclude>
    <ClInclude Include="SplitRepeaterControl1Set.h">
      <Filter>Header Files</Filter>
    </ClInclude>
    <ClInclude Include="SplitRepeaterControl2Set.h">
      <Filter>Header Files</Filter>
    </ClInclude>
    <ClInclude Include="SplitRepeaterDefs.h">
      <Filter>Header Files</Filter>
    </ClInclude>
    <ClInclude Include="SplitRepeaterFrame.h">
      <Filter>Header Files</Filter>
    </ClInclude>
    <ClInclude Include="SplitRepeaterHeaderData.h">
      <Filter>Header Files</Filter>
    </ClInclude>
    <ClInclude Include="SplitRepeaterLogger.h">
      <Filter>Header Files</Filter>
    </ClInclude>
    <ClInclude Include="SplitRepeaterPreferences.h">
      <Filter>Header Files</Filter>
    </ClInclude>
    <ClInclude Include="SplitRepeaterProtocolHandler.h">
      <Filter>Header Files</Filter>
    </ClInclude>
    <ClInclude Include="SplitRepeaterStatusData.h">
      <Filter>Header Files</Filter>
    </ClInclude>
    <ClInclude Include="SplitRepeaterThread.h">
      <Filter>Header Files</Filter>
    </ClInclude>
    <ClInclude Include="SplitRepeaterTimesSet.h">
      <Filter>Header Files</Filter>
    </ClInclude>
    <ClInclude Include="SplitRepeaterUDPReaderWriter.h">
      <Filter>Header Files</Filter>
    </ClInclude>
  </ItemGroup>
</Project>